// !$*UTF8*$!
{
	archiveVersion = 1;
	classes = {
	};
	objectVersion = 50;
	objects = {

/* Begin PBXBuildFile section */
		963D9B8A21EECA7900187DA2 /* AppDelegate.swift in Sources */ = {isa = PBXBuildFile; fileRef = 963D9B8921EECA7900187DA2 /* AppDelegate.swift */; };
		963D9B8C21EECA7900187DA2 /* ViewController.swift in Sources */ = {isa = PBXBuildFile; fileRef = 963D9B8B21EECA7900187DA2 /* ViewController.swift */; };
		963D9B8F21EECA7900187DA2 /* Main.storyboard in Resources */ = {isa = PBXBuildFile; fileRef = 963D9B8D21EECA7900187DA2 /* Main.storyboard */; };
		963D9B9121EECA7F00187DA2 /* Assets.xcassets in Resources */ = {isa = PBXBuildFile; fileRef = 963D9B9021EECA7F00187DA2 /* Assets.xcassets */; };
		963D9B9421EECA7F00187DA2 /* LaunchScreen.storyboard in Resources */ = {isa = PBXBuildFile; fileRef = 963D9B9221EECA7F00187DA2 /* LaunchScreen.storyboard */; };
		963D9B9C21EECD2800187DA2 /* PostsCell.swift in Sources */ = {isa = PBXBuildFile; fileRef = 963D9B9B21EECD2800187DA2 /* PostsCell.swift */; };
		963D9B9E21EECDDC00187DA2 /* DetailsPostViewController.swift in Sources */ = {isa = PBXBuildFile; fileRef = 963D9B9D21EECDDC00187DA2 /* DetailsPostViewController.swift */; };
		9684A87B22038A340054AF55 /* Offers.swift in Sources */ = {isa = PBXBuildFile; fileRef = 9684A86D22038A2F0054AF55 /* Offers.swift */; };
		9684A87C22038A340054AF55 /* Language.swift in Sources */ = {isa = PBXBuildFile; fileRef = 9684A86E22038A2F0054AF55 /* Language.swift */; };
		9684A87D22038A340054AF55 /* LayoutThree.swift in Sources */ = {isa = PBXBuildFile; fileRef = 9684A86F22038A2F0054AF55 /* LayoutThree.swift */; };
		9684A87E22038A340054AF55 /* LayoutTwo.swift in Sources */ = {isa = PBXBuildFile; fileRef = 9684A87022038A300054AF55 /* LayoutTwo.swift */; };
		9684A87F22038A340054AF55 /* Settings.swift in Sources */ = {isa = PBXBuildFile; fileRef = 9684A87122038A300054AF55 /* Settings.swift */; };
		9684A88022038A340054AF55 /* History.swift in Sources */ = {isa = PBXBuildFile; fileRef = 9684A87222038A300054AF55 /* History.swift */; };
		9684A88222038A340054AF55 /* DrawerView.swift in Sources */ = {isa = PBXBuildFile; fileRef = 9684A87422038A310054AF55 /* DrawerView.swift */; };
		9684A88422038A340054AF55 /* DrawerCell.swift in Sources */ = {isa = PBXBuildFile; fileRef = 9684A87622038A330054AF55 /* DrawerCell.swift */; };
		9684A88522038A350054AF55 /* DrawerCell.xib in Resources */ = {isa = PBXBuildFile; fileRef = 9684A87722038A330054AF55 /* DrawerCell.xib */; };
		9684A88622038A350054AF55 /* MyAccount.swift in Sources */ = {isa = PBXBuildFile; fileRef = 9684A87822038A340054AF55 /* MyAccount.swift */; };
		9684A88722038A350054AF55 /* DrawerProtocol.swift in Sources */ = {isa = PBXBuildFile; fileRef = 9684A87922038A340054AF55 /* DrawerProtocol.swift */; };
		9684A88D2203B3FE0054AF55 /* proPicOne.png in Resources */ = {isa = PBXBuildFile; fileRef = 9684A88C2203B3FE0054AF55 /* proPicOne.png */; };
		9684A88F2203E9440054AF55 /* proPicTwo.png in Resources */ = {isa = PBXBuildFile; fileRef = 9684A88E2203E9430054AF55 /* proPicTwo.png */; };
		9684A8932203EE8F0054AF55 /* Info.plist in Resources */ = {isa = PBXBuildFile; fileRef = 9684A8922203EE8E0054AF55 /* Info.plist */; };
		9684A8952203EEA20054AF55 /* Assets.xcassets in Resources */ = {isa = PBXBuildFile; fileRef = 9684A8942203EEA20054AF55 /* Assets.xcassets */; };
		96879BF021FF7F4C00BFBE8F /* AyiboAPIManager.swift in Sources */ = {isa = PBXBuildFile; fileRef = 96879BEF21FF7F4C00BFBE8F /* AyiboAPIManager.swift */; };
		CFC862C5061C516E81952BC4 /* Pods_iOS_Ayibopost.framework in Frameworks */ = {isa = PBXBuildFile; fileRef = D4E6483B06AF031955BC855C /* Pods_iOS_Ayibopost.framework */; };
/* End PBXBuildFile section */

/* Begin PBXFileReference section */
		963D9B8621EECA7900187DA2 /* iOS_Ayibopost.app */ = {isa = PBXFileReference; explicitFileType = wrapper.application; includeInIndex = 0; path = iOS_Ayibopost.app; sourceTree = BUILT_PRODUCTS_DIR; };
		963D9B8921EECA7900187DA2 /* AppDelegate.swift */ = {isa = PBXFileReference; lastKnownFileType = sourcecode.swift; path = AppDelegate.swift; sourceTree = "<group>"; };
		963D9B8B21EECA7900187DA2 /* ViewController.swift */ = {isa = PBXFileReference; lastKnownFileType = sourcecode.swift; path = ViewController.swift; sourceTree = "<group>"; };
		963D9B8E21EECA7900187DA2 /* Base */ = {isa = PBXFileReference; lastKnownFileType = file.storyboard; name = Base; path = Base.lproj/Main.storyboard; sourceTree = "<group>"; };
		963D9B9021EECA7F00187DA2 /* Assets.xcassets */ = {isa = PBXFileReference; lastKnownFileType = folder.assetcatalog; path = Assets.xcassets; sourceTree = "<group>"; };
		963D9B9321EECA7F00187DA2 /* Base */ = {isa = PBXFileReference; lastKnownFileType = file.storyboard; name = Base; path = Base.lproj/LaunchScreen.storyboard; sourceTree = "<group>"; };
		963D9B9521EECA7F00187DA2 /* Info.plist */ = {isa = PBXFileReference; lastKnownFileType = text.plist.xml; path = Info.plist; sourceTree = "<group>"; };
		963D9B9B21EECD2800187DA2 /* PostsCell.swift */ = {isa = PBXFileReference; lastKnownFileType = sourcecode.swift; path = PostsCell.swift; sourceTree = "<group>"; };
		963D9B9D21EECDDC00187DA2 /* DetailsPostViewController.swift */ = {isa = PBXFileReference; lastKnownFileType = sourcecode.swift; path = DetailsPostViewController.swift; sourceTree = "<group>"; };
		9684A86D22038A2F0054AF55 /* Offers.swift */ = {isa = PBXFileReference; fileEncoding = 4; lastKnownFileType = sourcecode.swift; path = Offers.swift; sourceTree = "<group>"; };
		9684A86E22038A2F0054AF55 /* Language.swift */ = {isa = PBXFileReference; fileEncoding = 4; lastKnownFileType = sourcecode.swift; path = Language.swift; sourceTree = "<group>"; };
		9684A86F22038A2F0054AF55 /* LayoutThree.swift */ = {isa = PBXFileReference; fileEncoding = 4; lastKnownFileType = sourcecode.swift; path = LayoutThree.swift; sourceTree = "<group>"; };
		9684A87022038A300054AF55 /* LayoutTwo.swift */ = {isa = PBXFileReference; fileEncoding = 4; lastKnownFileType = sourcecode.swift; path = LayoutTwo.swift; sourceTree = "<group>"; };
		9684A87122038A300054AF55 /* Settings.swift */ = {isa = PBXFileReference; fileEncoding = 4; lastKnownFileType = sourcecode.swift; path = Settings.swift; sourceTree = "<group>"; };
		9684A87222038A300054AF55 /* History.swift */ = {isa = PBXFileReference; fileEncoding = 4; lastKnownFileType = sourcecode.swift; path = History.swift; sourceTree = "<group>"; };
		9684A87422038A310054AF55 /* DrawerView.swift */ = {isa = PBXFileReference; fileEncoding = 4; lastKnownFileType = sourcecode.swift; path = DrawerView.swift; sourceTree = "<group>"; };
		9684A87622038A330054AF55 /* DrawerCell.swift */ = {isa = PBXFileReference; fileEncoding = 4; lastKnownFileType = sourcecode.swift; path = DrawerCell.swift; sourceTree = "<group>"; };
		9684A87722038A330054AF55 /* DrawerCell.xib */ = {isa = PBXFileReference; fileEncoding = 4; lastKnownFileType = file.xib; path = DrawerCell.xib; sourceTree = "<group>"; };
		9684A87822038A340054AF55 /* MyAccount.swift */ = {isa = PBXFileReference; fileEncoding = 4; lastKnownFileType = sourcecode.swift; path = MyAccount.swift; sourceTree = "<group>"; };
		9684A87922038A340054AF55 /* DrawerProtocol.swift */ = {isa = PBXFileReference; fileEncoding = 4; lastKnownFileType = sourcecode.swift; path = DrawerProtocol.swift; sourceTree = "<group>"; };
		9684A88C2203B3FE0054AF55 /* proPicOne.png */ = {isa = PBXFileReference; lastKnownFileType = image.png; path = proPicOne.png; sourceTree = "<group>"; };
		9684A88E2203E9430054AF55 /* proPicTwo.png */ = {isa = PBXFileReference; lastKnownFileType = image.png; path = proPicTwo.png; sourceTree = "<group>"; };
		9684A8922203EE8E0054AF55 /* Info.plist */ = {isa = PBXFileReference; fileEncoding = 4; lastKnownFileType = text.plist.xml; name = Info.plist; path = ../../NavigationDrawer/Info.plist; sourceTree = "<group>"; };
		9684A8942203EEA20054AF55 /* Assets.xcassets */ = {isa = PBXFileReference; lastKnownFileType = folder.assetcatalog; name = Assets.xcassets; path = ../../NavigationDrawer/Assets.xcassets; sourceTree = "<group>"; };
		96879BEF21FF7F4C00BFBE8F /* AyiboAPIManager.swift */ = {isa = PBXFileReference; lastKnownFileType = sourcecode.swift; path = AyiboAPIManager.swift; sourceTree = "<group>"; };
		C718080B8D2C3AFE06B23D2D /* Pods-iOS_Ayibopost.debug.xcconfig */ = {isa = PBXFileReference; includeInIndex = 1; lastKnownFileType = text.xcconfig; name = "Pods-iOS_Ayibopost.debug.xcconfig"; path = "Pods/Target Support Files/Pods-iOS_Ayibopost/Pods-iOS_Ayibopost.debug.xcconfig"; sourceTree = "<group>"; };
		CBEC23FFE9B887C0F3A09FD9 /* Pods-iOS_Ayibopost.release.xcconfig */ = {isa = PBXFileReference; includeInIndex = 1; lastKnownFileType = text.xcconfig; name = "Pods-iOS_Ayibopost.release.xcconfig"; path = "Pods/Target Support Files/Pods-iOS_Ayibopost/Pods-iOS_Ayibopost.release.xcconfig"; sourceTree = "<group>"; };
		D4E6483B06AF031955BC855C /* Pods_iOS_Ayibopost.framework */ = {isa = PBXFileReference; explicitFileType = wrapper.framework; includeInIndex = 0; path = Pods_iOS_Ayibopost.framework; sourceTree = BUILT_PRODUCTS_DIR; };
/* End PBXFileReference section */

/* Begin PBXFrameworksBuildPhase section */
		963D9B8321EECA7900187DA2 /* Frameworks */ = {
			isa = PBXFrameworksBuildPhase;
			buildActionMask = 2147483647;
			files = (
				CFC862C5061C516E81952BC4 /* Pods_iOS_Ayibopost.framework in Frameworks */,
			);
			runOnlyForDeploymentPostprocessing = 0;
		};
/* End PBXFrameworksBuildPhase section */

/* Begin PBXGroup section */
		067B09E67B113E7F869D83E5 /* Pods */ = {
			isa = PBXGroup;
			children = (
				C718080B8D2C3AFE06B23D2D /* Pods-iOS_Ayibopost.debug.xcconfig */,
				CBEC23FFE9B887C0F3A09FD9 /* Pods-iOS_Ayibopost.release.xcconfig */,
			);
			name = Pods;
			sourceTree = "<group>";
		};
		963D9B7D21EECA7900187DA2 = {
			isa = PBXGroup;
			children = (
				963D9B8821EECA7900187DA2 /* iOS_Ayibopost */,
				963D9B8721EECA7900187DA2 /* Products */,
				067B09E67B113E7F869D83E5 /* Pods */,
				E70C2A9A6EE1CBAF78D68F5F /* Frameworks */,
			);
			sourceTree = "<group>";
		};
		963D9B8721EECA7900187DA2 /* Products */ = {
			isa = PBXGroup;
			children = (
				963D9B8621EECA7900187DA2 /* iOS_Ayibopost.app */,
			);
			name = Products;
			sourceTree = "<group>";
		};
		963D9B8821EECA7900187DA2 /* iOS_Ayibopost */ = {
			isa = PBXGroup;
			children = (
				963D9B8921EECA7900187DA2 /* AppDelegate.swift */,
				9684A87622038A330054AF55 /* DrawerCell.swift */,
				9684A87722038A330054AF55 /* DrawerCell.xib */,
				9684A87922038A340054AF55 /* DrawerProtocol.swift */,
				9684A87422038A310054AF55 /* DrawerView.swift */,
				9684A87222038A300054AF55 /* History.swift */,
				9684A8922203EE8E0054AF55 /* Info.plist */,
				9684A86E22038A2F0054AF55 /* Language.swift */,
				9684A86F22038A2F0054AF55 /* LayoutThree.swift */,
				9684A87022038A300054AF55 /* LayoutTwo.swift */,
				9684A87822038A340054AF55 /* MyAccount.swift */,
				9684A86D22038A2F0054AF55 /* Offers.swift */,
				9684A88C2203B3FE0054AF55 /* proPicOne.png */,
				9684A88E2203E9430054AF55 /* proPicTwo.png */,
				9684A87122038A300054AF55 /* Settings.swift */,
				9684A8942203EEA20054AF55 /* Assets.xcassets */,
				963D9B8B21EECA7900187DA2 /* ViewController.swift */,
				963D9B8D21EECA7900187DA2 /* Main.storyboard */,
				963D9B9021EECA7F00187DA2 /* Assets.xcassets */,
				963D9B9221EECA7F00187DA2 /* LaunchScreen.storyboard */,
				963D9B9521EECA7F00187DA2 /* Info.plist */,
				963D9B9B21EECD2800187DA2 /* PostsCell.swift */,
				963D9B9D21EECDDC00187DA2 /* DetailsPostViewController.swift */,
				96879BEF21FF7F4C00BFBE8F /* AyiboAPIManager.swift */,
			);
			path = iOS_Ayibopost;
			sourceTree = "<group>";
		};
		E70C2A9A6EE1CBAF78D68F5F /* Frameworks */ = {
			isa = PBXGroup;
			children = (
				D4E6483B06AF031955BC855C /* Pods_iOS_Ayibopost.framework */,
			);
			name = Frameworks;
			sourceTree = "<group>";
		};
/* End PBXGroup section */

/* Begin PBXNativeTarget section */
		963D9B8521EECA7900187DA2 /* iOS_Ayibopost */ = {
			isa = PBXNativeTarget;
			buildConfigurationList = 963D9B9821EECA7F00187DA2 /* Build configuration list for PBXNativeTarget "iOS_Ayibopost" */;
			buildPhases = (
				6887D83762F4FDC4B3B57ADC /* [CP] Check Pods Manifest.lock */,
				963D9B8221EECA7900187DA2 /* Sources */,
				963D9B8321EECA7900187DA2 /* Frameworks */,
				963D9B8421EECA7900187DA2 /* Resources */,
				B06E0325496B12D25D9A7F52 /* [CP] Embed Pods Frameworks */,
			);
			buildRules = (
			);
			dependencies = (
			);
			name = iOS_Ayibopost;
			productName = iOS_Ayibopost;
			productReference = 963D9B8621EECA7900187DA2 /* iOS_Ayibopost.app */;
			productType = "com.apple.product-type.application";
		};
/* End PBXNativeTarget section */

/* Begin PBXProject section */
		963D9B7E21EECA7900187DA2 /* Project object */ = {
			isa = PBXProject;
			attributes = {
				LastSwiftUpdateCheck = 0940;
				LastUpgradeCheck = 0940;
				ORGANIZATIONNAME = "Isaac Samuel";
				TargetAttributes = {
					963D9B8521EECA7900187DA2 = {
						CreatedOnToolsVersion = 9.4.1;
					};
				};
			};
			buildConfigurationList = 963D9B8121EECA7900187DA2 /* Build configuration list for PBXProject "iOS_Ayibopost" */;
			compatibilityVersion = "Xcode 9.3";
			developmentRegion = en;
			hasScannedForEncodings = 0;
			knownRegions = (
				en,
				Base,
			);
			mainGroup = 963D9B7D21EECA7900187DA2;
			productRefGroup = 963D9B8721EECA7900187DA2 /* Products */;
			projectDirPath = "";
			projectRoot = "";
			targets = (
				963D9B8521EECA7900187DA2 /* iOS_Ayibopost */,
			);
		};
/* End PBXProject section */

/* Begin PBXResourcesBuildPhase section */
		963D9B8421EECA7900187DA2 /* Resources */ = {
			isa = PBXResourcesBuildPhase;
			buildActionMask = 2147483647;
			files = (
				9684A88D2203B3FE0054AF55 /* proPicOne.png in Resources */,
				9684A88F2203E9440054AF55 /* proPicTwo.png in Resources */,
				963D9B9421EECA7F00187DA2 /* LaunchScreen.storyboard in Resources */,
				9684A8952203EEA20054AF55 /* Assets.xcassets in Resources */,
				963D9B9121EECA7F00187DA2 /* Assets.xcassets in Resources */,
				9684A88522038A350054AF55 /* DrawerCell.xib in Resources */,
				963D9B8F21EECA7900187DA2 /* Main.storyboard in Resources */,
				9684A8932203EE8F0054AF55 /* Info.plist in Resources */,
			);
			runOnlyForDeploymentPostprocessing = 0;
		};
/* End PBXResourcesBuildPhase section */

/* Begin PBXShellScriptBuildPhase section */
		6887D83762F4FDC4B3B57ADC /* [CP] Check Pods Manifest.lock */ = {
			isa = PBXShellScriptBuildPhase;
			buildActionMask = 2147483647;
			files = (
			);
			inputPaths = (
				"${PODS_PODFILE_DIR_PATH}/Podfile.lock",
				"${PODS_ROOT}/Manifest.lock",
			);
			name = "[CP] Check Pods Manifest.lock";
			outputPaths = (
				"$(DERIVED_FILE_DIR)/Pods-iOS_Ayibopost-checkManifestLockResult.txt",
			);
			runOnlyForDeploymentPostprocessing = 0;
			shellPath = /bin/sh;
			shellScript = "diff \"${PODS_PODFILE_DIR_PATH}/Podfile.lock\" \"${PODS_ROOT}/Manifest.lock\" > /dev/null\nif [ $? != 0 ] ; then\n    # print error to STDERR\n    echo \"error: The sandbox is not in sync with the Podfile.lock. Run 'pod install' or update your CocoaPods installation.\" >&2\n    exit 1\nfi\n# This output is used by Xcode 'outputs' to avoid re-running this script phase.\necho \"SUCCESS\" > \"${SCRIPT_OUTPUT_FILE_0}\"\n";
			showEnvVarsInLog = 0;
		};
		B06E0325496B12D25D9A7F52 /* [CP] Embed Pods Frameworks */ = {
			isa = PBXShellScriptBuildPhase;
			buildActionMask = 2147483647;
			files = (
			);
			inputPaths = (
				"${SRCROOT}/Pods/Target Support Files/Pods-iOS_Ayibopost/Pods-iOS_Ayibopost-frameworks.sh",
				"${BUILT_PRODUCTS_DIR}/Alamofire/Alamofire.framework",
				"${BUILT_PRODUCTS_DIR}/AlamofireImage/AlamofireImage.framework",
				"${BUILT_PRODUCTS_DIR}/SwiftyJSON/SwiftyJSON.framework",
			);
			name = "[CP] Embed Pods Frameworks";
			outputPaths = (
				"${TARGET_BUILD_DIR}/${FRAMEWORKS_FOLDER_PATH}/Alamofire.framework",
				"${TARGET_BUILD_DIR}/${FRAMEWORKS_FOLDER_PATH}/AlamofireImage.framework",
				"${TARGET_BUILD_DIR}/${FRAMEWORKS_FOLDER_PATH}/SwiftyJSON.framework",
			);
			runOnlyForDeploymentPostprocessing = 0;
			shellPath = /bin/sh;
			shellScript = "\"${SRCROOT}/Pods/Target Support Files/Pods-iOS_Ayibopost/Pods-iOS_Ayibopost-frameworks.sh\"\n";
			showEnvVarsInLog = 0;
		};
/* End PBXShellScriptBuildPhase section */

/* Begin PBXSourcesBuildPhase section */
		963D9B8221EECA7900187DA2 /* Sources */ = {
			isa = PBXSourcesBuildPhase;
			buildActionMask = 2147483647;
			files = (
				9684A88422038A340054AF55 /* DrawerCell.swift in Sources */,
				9684A87B22038A340054AF55 /* Offers.swift in Sources */,
				963D9B9C21EECD2800187DA2 /* PostsCell.swift in Sources */,
				963D9B9E21EECDDC00187DA2 /* DetailsPostViewController.swift in Sources */,
				9684A87E22038A340054AF55 /* LayoutTwo.swift in Sources */,
				9684A88722038A350054AF55 /* DrawerProtocol.swift in Sources */,
				9684A88222038A340054AF55 /* DrawerView.swift in Sources */,
				9684A87D22038A340054AF55 /* LayoutThree.swift in Sources */,
				9684A88022038A340054AF55 /* History.swift in Sources */,
				9684A88622038A350054AF55 /* MyAccount.swift in Sources */,
				963D9B8C21EECA7900187DA2 /* ViewController.swift in Sources */,
				9684A87C22038A340054AF55 /* Language.swift in Sources */,
				963D9B8A21EECA7900187DA2 /* AppDelegate.swift in Sources */,
				9684A87F22038A340054AF55 /* Settings.swift in Sources */,
				96879BF021FF7F4C00BFBE8F /* AyiboAPIManager.swift in Sources */,
			);
			runOnlyForDeploymentPostprocessing = 0;
		};
/* End PBXSourcesBuildPhase section */

/* Begin PBXVariantGroup section */
		963D9B8D21EECA7900187DA2 /* Main.storyboard */ = {
			isa = PBXVariantGroup;
			children = (
				963D9B8E21EECA7900187DA2 /* Base */,
			);
			name = Main.storyboard;
			sourceTree = "<group>";
		};
		963D9B9221EECA7F00187DA2 /* LaunchScreen.storyboard */ = {
			isa = PBXVariantGroup;
			children = (
				963D9B9321EECA7F00187DA2 /* Base */,
			);
			name = LaunchScreen.storyboard;
			sourceTree = "<group>";
		};
/* End PBXVariantGroup section */

/* Begin XCBuildConfiguration section */
		963D9B9621EECA7F00187DA2 /* Debug */ = {
			isa = XCBuildConfiguration;
			buildSettings = {
				ALWAYS_SEARCH_USER_PATHS = NO;
				CLANG_ANALYZER_NONNULL = YES;
				CLANG_ANALYZER_NUMBER_OBJECT_CONVERSION = YES_AGGRESSIVE;
				CLANG_CXX_LANGUAGE_STANDARD = "gnu++14";
				CLANG_CXX_LIBRARY = "libc++";
				CLANG_ENABLE_MODULES = YES;
				CLANG_ENABLE_OBJC_ARC = YES;
				CLANG_ENABLE_OBJC_WEAK = YES;
				CLANG_WARN_BLOCK_CAPTURE_AUTORELEASING = YES;
				CLANG_WARN_BOOL_CONVERSION = YES;
				CLANG_WARN_COMMA = YES;
				CLANG_WARN_CONSTANT_CONVERSION = YES;
				CLANG_WARN_DEPRECATED_OBJC_IMPLEMENTATIONS = YES;
				CLANG_WARN_DIRECT_OBJC_ISA_USAGE = YES_ERROR;
				CLANG_WARN_DOCUMENTATION_COMMENTS = YES;
				CLANG_WARN_EMPTY_BODY = YES;
				CLANG_WARN_ENUM_CONVERSION = YES;
				CLANG_WARN_INFINITE_RECURSION = YES;
				CLANG_WARN_INT_CONVERSION = YES;
				CLANG_WARN_NON_LITERAL_NULL_CONVERSION = YES;
				CLANG_WARN_OBJC_IMPLICIT_RETAIN_SELF = YES;
				CLANG_WARN_OBJC_LITERAL_CONVERSION = YES;
				CLANG_WARN_OBJC_ROOT_CLASS = YES_ERROR;
				CLANG_WARN_RANGE_LOOP_ANALYSIS = YES;
				CLANG_WARN_STRICT_PROTOTYPES = YES;
				CLANG_WARN_SUSPICIOUS_MOVE = YES;
				CLANG_WARN_UNGUARDED_AVAILABILITY = YES_AGGRESSIVE;
				CLANG_WARN_UNREACHABLE_CODE = YES;
				CLANG_WARN__DUPLICATE_METHOD_MATCH = YES;
				CODE_SIGN_IDENTITY = "iPhone Developer";
				COPY_PHASE_STRIP = NO;
				DEBUG_INFORMATION_FORMAT = dwarf;
				ENABLE_STRICT_OBJC_MSGSEND = YES;
				ENABLE_TESTABILITY = YES;
				GCC_C_LANGUAGE_STANDARD = gnu11;
				GCC_DYNAMIC_NO_PIC = NO;
				GCC_NO_COMMON_BLOCKS = YES;
				GCC_OPTIMIZATION_LEVEL = 0;
				GCC_PREPROCESSOR_DEFINITIONS = (
					"DEBUG=1",
					"$(inherited)",
				);
				GCC_WARN_64_TO_32_BIT_CONVERSION = YES;
				GCC_WARN_ABOUT_RETURN_TYPE = YES_ERROR;
				GCC_WARN_UNDECLARED_SELECTOR = YES;
				GCC_WARN_UNINITIALIZED_AUTOS = YES_AGGRESSIVE;
				GCC_WARN_UNUSED_FUNCTION = YES;
				GCC_WARN_UNUSED_VARIABLE = YES;
				IPHONEOS_DEPLOYMENT_TARGET = 11.4;
				MTL_ENABLE_DEBUG_INFO = YES;
				ONLY_ACTIVE_ARCH = YES;
				SDKROOT = iphoneos;
				SWIFT_ACTIVE_COMPILATION_CONDITIONS = DEBUG;
				SWIFT_OPTIMIZATION_LEVEL = "-Onone";
			};
			name = Debug;
		};
		963D9B9721EECA7F00187DA2 /* Release */ = {
			isa = XCBuildConfiguration;
			buildSettings = {
				ALWAYS_SEARCH_USER_PATHS = NO;
				CLANG_ANALYZER_NONNULL = YES;
				CLANG_ANALYZER_NUMBER_OBJECT_CONVERSION = YES_AGGRESSIVE;
				CLANG_CXX_LANGUAGE_STANDARD = "gnu++14";
				CLANG_CXX_LIBRARY = "libc++";
				CLANG_ENABLE_MODULES = YES;
				CLANG_ENABLE_OBJC_ARC = YES;
				CLANG_ENABLE_OBJC_WEAK = YES;
				CLANG_WARN_BLOCK_CAPTURE_AUTORELEASING = YES;
				CLANG_WARN_BOOL_CONVERSION = YES;
				CLANG_WARN_COMMA = YES;
				CLANG_WARN_CONSTANT_CONVERSION = YES;
				CLANG_WARN_DEPRECATED_OBJC_IMPLEMENTATIONS = YES;
				CLANG_WARN_DIRECT_OBJC_ISA_USAGE = YES_ERROR;
				CLANG_WARN_DOCUMENTATION_COMMENTS = YES;
				CLANG_WARN_EMPTY_BODY = YES;
				CLANG_WARN_ENUM_CONVERSION = YES;
				CLANG_WARN_INFINITE_RECURSION = YES;
				CLANG_WARN_INT_CONVERSION = YES;
				CLANG_WARN_NON_LITERAL_NULL_CONVERSION = YES;
				CLANG_WARN_OBJC_IMPLICIT_RETAIN_SELF = YES;
				CLANG_WARN_OBJC_LITERAL_CONVERSION = YES;
				CLANG_WARN_OBJC_ROOT_CLASS = YES_ERROR;
				CLANG_WARN_RANGE_LOOP_ANALYSIS = YES;
				CLANG_WARN_STRICT_PROTOTYPES = YES;
				CLANG_WARN_SUSPICIOUS_MOVE = YES;
				CLANG_WARN_UNGUARDED_AVAILABILITY = YES_AGGRESSIVE;
				CLANG_WARN_UNREACHABLE_CODE = YES;
				CLANG_WARN__DUPLICATE_METHOD_MATCH = YES;
				CODE_SIGN_IDENTITY = "iPhone Developer";
				COPY_PHASE_STRIP = NO;
				DEBUG_INFORMATION_FORMAT = "dwarf-with-dsym";
				ENABLE_NS_ASSERTIONS = NO;
				ENABLE_STRICT_OBJC_MSGSEND = YES;
				GCC_C_LANGUAGE_STANDARD = gnu11;
				GCC_NO_COMMON_BLOCKS = YES;
				GCC_WARN_64_TO_32_BIT_CONVERSION = YES;
				GCC_WARN_ABOUT_RETURN_TYPE = YES_ERROR;
				GCC_WARN_UNDECLARED_SELECTOR = YES;
				GCC_WARN_UNINITIALIZED_AUTOS = YES_AGGRESSIVE;
				GCC_WARN_UNUSED_FUNCTION = YES;
				GCC_WARN_UNUSED_VARIABLE = YES;
				IPHONEOS_DEPLOYMENT_TARGET = 11.4;
				MTL_ENABLE_DEBUG_INFO = NO;
				SDKROOT = iphoneos;
				SWIFT_COMPILATION_MODE = wholemodule;
				SWIFT_OPTIMIZATION_LEVEL = "-O";
				VALIDATE_PRODUCT = YES;
			};
			name = Release;
		};
		963D9B9921EECA7F00187DA2 /* Debug */ = {
			isa = XCBuildConfiguration;
			baseConfigurationReference = C718080B8D2C3AFE06B23D2D /* Pods-iOS_Ayibopost.debug.xcconfig */;
			buildSettings = {
				ASSETCATALOG_COMPILER_APPICON_NAME = AppIcon;
				CODE_SIGN_STYLE = Manual;
				DEVELOPMENT_TEAM = "";
				INFOPLIST_FILE = iOS_Ayibopost/Info.plist;
				LD_RUNPATH_SEARCH_PATHS = (
					"$(inherited)",
					"@executable_path/Frameworks",
				);
				PRODUCT_BUNDLE_IDENTIFIER = "com.isasam.iOS-Ayibopost";
				PRODUCT_NAME = "$(TARGET_NAME)";
				PROVISIONING_PROFILE_SPECIFIER = "";
				SWIFT_VERSION = 4.0;
				TARGETED_DEVICE_FAMILY = "1,2";
			};
			name = Debug;
		};
		963D9B9A21EECA7F00187DA2 /* Release */ = {
			isa = XCBuildConfiguration;
			baseConfigurationReference = CBEC23FFE9B887C0F3A09FD9 /* Pods-iOS_Ayibopost.release.xcconfig */;
			buildSettings = {
				ASSETCATALOG_COMPILER_APPICON_NAME = AppIcon;
				CODE_SIGN_STYLE = Manual;
				DEVELOPMENT_TEAM = "";
				INFOPLIST_FILE = iOS_Ayibopost/Info.plist;
				LD_RUNPATH_SEARCH_PATHS = (
					"$(inherited)",
					"@executable_path/Frameworks",
				);
				PRODUCT_BUNDLE_IDENTIFIER = "com.isasam.iOS-Ayibopost";
				PRODUCT_NAME = "$(TARGET_NAME)";
				PROVISIONING_PROFILE_SPECIFIER = "";
				SWIFT_VERSION = 4.0;
				TARGETED_DEVICE_FAMILY = "1,2";
			};
			name = Release;
		};
/* End XCBuildConfiguration section */

/* Begin XCConfigurationList section */
		963D9B8121EECA7900187DA2 /* Build configuration list for PBXProject "iOS_Ayibopost" */ = {
			isa = XCConfigurationList;
			buildConfigurations = (
				963D9B9621EECA7F00187DA2 /* Debug */,
				963D9B9721EECA7F00187DA2 /* Release */,
			);
			defaultConfigurationIsVisible = 0;
			defaultConfigurationName = Release;
		};
		963D9B9821EECA7F00187DA2 /* Build configuration list for PBXNativeTarget "iOS_Ayibopost" */ = {
			isa = XCConfigurationList;
			buildConfigurations = (
				963D9B9921EECA7F00187DA2 /* Debug */,
				963D9B9A21EECA7F00187DA2 /* Release */,
			);
			defaultConfigurationIsVisible = 0;
			defaultConfigurationName = Release;
		};
/* End XCConfigurationList section */
	};
	rootObject = 963D9B7E21EECA7900187DA2 /* Project object */;
}
